schema: '2.0'
stages:
  preprocess:
    cmd: python scripts/preprocess_data.py
    deps:
    - path: configs/data/ambignq.yaml
      hash: md5
      md5: 350c80a9d9772f328e5bfa62522c144d
      size: 273
    - path: scripts/preprocess_data.py
      hash: md5
      md5: 9ee84113891a73b3e983cf3e625bd827
      size: 1091
    outs:
    - path: data/dpo_train.jsonl
      hash: md5
      md5: fb4d17cef59bf995f39fab5a6ed88c7b
      size: 1637824
    - path: data/dpo_val.jsonl
      hash: md5
      md5: d36e9d36e0d536d92fb92d12fdc77781
      size: 337194
    - path: data/sft_train.jsonl
      hash: md5
      md5: 47ab148625c934a719cebe4a3c928bf3
      size: 4186706
    - path: data/sft_val.jsonl
      hash: md5
      md5: 72dda6ede42d3afda901eaf5bab46cd4
      size: 850326
  train_sft:
    cmd: CUDA_VISIBLE_DEVICES=0 python scripts/train_sft.py
    deps:
    - path: configs/model/qwen2_5_7b.yaml
      hash: md5
      md5: 021e71d72923c9c97d9b8f145d467a32
      size: 529
    - path: configs/training/sft.yaml
      hash: md5
      md5: 088d3672624058e860c05cc97caf071d
      size: 298
    - path: data/sft_train.jsonl
      hash: md5
      md5: 47ab148625c934a719cebe4a3c928bf3
      size: 4186706
    - path: data/sft_val.jsonl
      hash: md5
      md5: 72dda6ede42d3afda901eaf5bab46cd4
      size: 850326
    outs:
    - path: models/sft/final
      hash: md5
      md5: 20f161f5b1bf3753599d29741f3f2c8a.dir
      size: 338904659
      nfiles: 10
  train_dpo:
    cmd: CUDA_VISIBLE_DEVICES=0 python scripts/train_dpo.py training=dpo 
      model.name=models/sft/final
    deps:
    - path: configs/training/dpo.yaml
      hash: md5
      md5: d8a461336e1d29006ffeb88390b9ddff
      size: 336
    - path: data/dpo_train.jsonl
      hash: md5
      md5: fb4d17cef59bf995f39fab5a6ed88c7b
      size: 1637824
    - path: data/dpo_val.jsonl
      hash: md5
      md5: d36e9d36e0d536d92fb92d12fdc77781
      size: 337194
    - path: models/sft/final
      hash: md5
      md5: 20f161f5b1bf3753599d29741f3f2c8a.dir
      size: 338904659
      nfiles: 10
    outs:
    - path: models/dpo/final
      hash: md5
      md5: b3e721f0d0b32dd1bb1e6455abd5be6f.dir
      size: 338905171
      nfiles: 10
  train_sft_only:
    cmd: CUDA_VISIBLE_DEVICES=0 python scripts/train_sft.py 
      training.output_dir=models/sft_only
    deps:
    - path: data/sft_train.jsonl
      hash: md5
      md5: 47ab148625c934a719cebe4a3c928bf3
      size: 4186706
    - path: data/sft_val.jsonl
      hash: md5
      md5: 72dda6ede42d3afda901eaf5bab46cd4
      size: 850326
    outs:
    - path: models/sft_only/final
      hash: md5
      md5: a8bb8009a634a34c1253306fd12328c4.dir
      size: 338904595
      nfiles: 10
  train_dpo_only:
    cmd: CUDA_VISIBLE_DEVICES=0 python scripts/train_dpo.py training=dpo 
      training.output_dir=models/dpo_only
    deps:
    - path: data/dpo_train.jsonl
      hash: md5
      md5: fb4d17cef59bf995f39fab5a6ed88c7b
      size: 1637824
    - path: data/dpo_val.jsonl
      hash: md5
      md5: d36e9d36e0d536d92fb92d12fdc77781
      size: 337194
    outs:
    - path: models/dpo_only/final
      hash: md5
      md5: 547edb5acd5f1a0416347f238e6a56c2.dir
      size: 338905107
      nfiles: 10
