schema: '2.0'
stages:
  preprocess:
    cmd: python scripts/preprocess_data.py
    outs:
    - path: data/dpo_data.jsonl
      hash: md5
      md5: fb4d17cef59bf995f39fab5a6ed88c7b
      size: 1637824
    - path: data/sft_data.jsonl
      hash: md5
      md5: 47ab148625c934a719cebe4a3c928bf3
      size: 4186706
  train_sft:
    cmd: python scripts/train_sft.py
    deps:
    - path: configs/model/qwen2_5_7b.yaml
      hash: md5
      md5: 021e71d72923c9c97d9b8f145d467a32
      size: 529
    - path: configs/training/sft.yaml
      hash: md5
      md5: 14a0efa6cbc982c2835d13381512b768
      size: 299
    - path: data/sft_data.jsonl
      hash: md5
      md5: 47ab148625c934a719cebe4a3c928bf3
      size: 4186706
    outs:
    - path: models/sft/
      hash: md5
      md5: b51bf7484c2150210730b1989d5476c3.dir
      size: 842302453
      nfiles: 24
